
Microsoft Visual Studio Solution File, Format Version 12.00
# Visual Studio Version 16
VisualStudioVersion = 16.0.30907.101
MinimumVisualStudioVersion = 10.0.40219.1
Project("{2150E333-8FDC-42A3-9474-1A3956D46DE8}") = "01-Conversor", "01-Conversor", "{56158520-3407-45CA-AA30-095DE4A748E5}"
EndProject
Project("{9A19103F-16F7-4668-BE54-9A1E7A4F7556}") = "1-Conversor", "Conversor\1-Conversor.csproj", "{1231BC13-7DE8-46D7-BBBD-BDAEA66D84F2}"
EndProject
Project("{2150E333-8FDC-42A3-9474-1A3956D46DE8}") = "02-Calculadora", "02-Calculadora", "{2EC326A2-2781-4F4C-904F-226C1B231294}"
EndProject
Project("{2150E333-8FDC-42A3-9474-1A3956D46DE8}") = "03-Adivina", "03-Adivina", "{05F58D56-350B-4FBD-817C-4543307A05D3}"
EndProject
Project("{2150E333-8FDC-42A3-9474-1A3956D46DE8}") = "04-Encriptacion", "04-Encriptacion", "{ED4FDF8A-1B8C-4C1F-859A-75730CFD5CCC}"
EndProject
Project("{2150E333-8FDC-42A3-9474-1A3956D46DE8}") = "05-Chat", "05-Chat", "{E33BF293-3E34-4CBE-8760-A517D0560683}"
EndProject
Project("{2150E333-8FDC-42A3-9474-1A3956D46DE8}") = "05-ChatServer", "05-ChatServer", "{2EBB98A6-4112-4CFF-8593-C2309C11CC9A}"
EndProject
Project("{9A19103F-16F7-4668-BE54-9A1E7A4F7556}") = "3-Adivina", "Adivina\3-Adivina.csproj", "{9CC6618E-12BA-48C7-A818-295670BCFFA4}"
EndProject
Project("{9A19103F-16F7-4668-BE54-9A1E7A4F7556}") = "4-Encriptacion", "Encriptacion\4-Encriptacion.csproj", "{FCDC5891-328B-4AEA-A74D-ADE1466BF732}"
EndProject
Project("{9A19103F-16F7-4668-BE54-9A1E7A4F7556}") = "5-Chat", "Chat\5-Chat.csproj", "{2F19FCF1-BBF4-46A5-9B0F-8BCF7EA7BF80}"
EndProject
Project("{9A19103F-16F7-4668-BE54-9A1E7A4F7556}") = "5-ChatServer", "ChatServer\5-ChatServer.csproj", "{1DABD112-B31C-420E-A01F-378D6741BF42}"
EndProject
Project("{9A19103F-16F7-4668-BE54-9A1E7A4F7556}") = "Calculadora", "Calculadora\Calculadora.csproj", "{54E47B14-9C7E-4EE7-98D4-ED5D8575072A}"
EndProject
Project("{2150E333-8FDC-42A3-9474-1A3956D46DE8}") = "06-ConectarDDBB", "06-ConectarDDBB", "{BA43F6FE-6005-444D-A23D-D31116196A4B}"
EndProject
Project("{2150E333-8FDC-42A3-9474-1A3956D46DE8}") = "07-ORMDapper", "07-ORMDapper", "{1B7AAB91-178C-475D-86EE-D70E9745C384}"
EndProject
Project("{2150E333-8FDC-42A3-9474-1A3956D46DE8}") = "08-Threads", "08-Threads", "{4A7B5B72-52E0-4159-A3D5-86B094BACE9B}"
EndProject
Project("{2150E333-8FDC-42A3-9474-1A3956D46DE8}") = "09-JSON", "09-JSON", "{7F8F1A8C-A20F-4522-B5FE-6DFAD0ECD982}"
EndProject
Project("{2150E333-8FDC-42A3-9474-1A3956D46DE8}") = "10-XML", "10-XML", "{F650171F-AEED-4701-BFC0-57FCB0266C37}"
EndProject
Project("{9A19103F-16F7-4668-BE54-9A1E7A4F7556}") = "ConnectarDDBB", "ConnectarDDBB\ConnectarDDBB.csproj", "{9548F500-D89A-4DD5-93C8-45B66C347A27}"
EndProject
Project("{9A19103F-16F7-4668-BE54-9A1E7A4F7556}") = "ORMDapper", "ORMDapper\ORMDapper.csproj", "{B3CA8173-D3E4-442C-8F3A-7F43C67262A6}"
EndProject
Project("{9A19103F-16F7-4668-BE54-9A1E7A4F7556}") = "Threads", "Threads\Threads.csproj", "{42EDEB55-FC68-4998-B0A9-DC7444B7D4F8}"
EndProject
Project("{9A19103F-16F7-4668-BE54-9A1E7A4F7556}") = "JSON", "JSON\JSON.csproj", "{9E68D810-DAAE-4E99-A71E-9C080E617757}"
EndProject
Project("{9A19103F-16F7-4668-BE54-9A1E7A4F7556}") = "XML", "XML\XML.csproj", "{91B1D75D-A27E-4AF4-A492-738800FB2FC8}"
EndProject
Project("{2150E333-8FDC-42A3-9474-1A3956D46DE8}") = "11-Calculadora", "11-Calculadora", "{095A711A-0052-40E5-9192-B1027D10516A}"
EndProject
Project("{2150E333-8FDC-42A3-9474-1A3956D46DE8}") = "12-LectorTXT", "12-LectorTXT", "{9068E8CD-E308-4135-B981-8B1A661B5A23}"
EndProject
Project("{2150E333-8FDC-42A3-9474-1A3956D46DE8}") = "13-Cronometro", "13-Cronometro", "{25F5A3D9-7D21-4314-8DF2-A5B93C7BA174}"
EndProject
Project("{2150E333-8FDC-42A3-9474-1A3956D46DE8}") = "14-Conversor", "14-Conversor", "{2CC2E242-C278-41A1-BD1A-61F8919853A9}"
EndProject
Project("{2150E333-8FDC-42A3-9474-1A3956D46DE8}") = "15-ListaTareas", "15-ListaTareas", "{9DAC404F-BB90-4CE9-B4A8-DF5F13A7914B}"
EndProject
Project("{9A19103F-16F7-4668-BE54-9A1E7A4F7556}") = "calculadora forms", "calculadora forms\calculadora forms.csproj", "{9C03D2C9-E9AD-4EC6-83C4-A8E38E89E0DB}"
EndProject
Project("{9A19103F-16F7-4668-BE54-9A1E7A4F7556}") = "Lector TXT", "Lector TXT\Lector TXT.csproj", "{29BE448E-B53C-49AB-B087-747688863527}"
EndProject
Project("{9A19103F-16F7-4668-BE54-9A1E7A4F7556}") = "Cronometro", "Cronometro\Cronometro.csproj", "{FE1DC1BC-0D13-4D77-B392-B879C3D504A6}"
EndProject
Project("{FAE04EC0-301F-11D3-BF4B-00C04F79EFBC}") = "ConversorTemperatura", "ConversorTemperatura\ConversorTemperatura.csproj", "{2E8AFFC0-ABB9-4054-A369-71EE661B66BA}"
EndProject
Project("{FAE04EC0-301F-11D3-BF4B-00C04F79EFBC}") = "ListaDeTareas", "ListaDeTareas\ListaDeTareas.csproj", "{1627DF17-189F-4078-BC08-DD6873152445}"
EndProject
Global
	GlobalSection(SolutionConfigurationPlatforms) = preSolution
		Debug|Any CPU = Debug|Any CPU
		Release|Any CPU = Release|Any CPU
	EndGlobalSection
	GlobalSection(ProjectConfigurationPlatforms) = postSolution
		{1231BC13-7DE8-46D7-BBBD-BDAEA66D84F2}.Debug|Any CPU.ActiveCfg = Debug|Any CPU
		{1231BC13-7DE8-46D7-BBBD-BDAEA66D84F2}.Debug|Any CPU.Build.0 = Debug|Any CPU
		{1231BC13-7DE8-46D7-BBBD-BDAEA66D84F2}.Release|Any CPU.ActiveCfg = Release|Any CPU
		{1231BC13-7DE8-46D7-BBBD-BDAEA66D84F2}.Release|Any CPU.Build.0 = Release|Any CPU
		{9CC6618E-12BA-48C7-A818-295670BCFFA4}.Debug|Any CPU.ActiveCfg = Debug|Any CPU
		{9CC6618E-12BA-48C7-A818-295670BCFFA4}.Debug|Any CPU.Build.0 = Debug|Any CPU
		{9CC6618E-12BA-48C7-A818-295670BCFFA4}.Release|Any CPU.ActiveCfg = Release|Any CPU
		{9CC6618E-12BA-48C7-A818-295670BCFFA4}.Release|Any CPU.Build.0 = Release|Any CPU
		{FCDC5891-328B-4AEA-A74D-ADE1466BF732}.Debug|Any CPU.ActiveCfg = Debug|Any CPU
		{FCDC5891-328B-4AEA-A74D-ADE1466BF732}.Debug|Any CPU.Build.0 = Debug|Any CPU
		{FCDC5891-328B-4AEA-A74D-ADE1466BF732}.Release|Any CPU.ActiveCfg = Release|Any CPU
		{FCDC5891-328B-4AEA-A74D-ADE1466BF732}.Release|Any CPU.Build.0 = Release|Any CPU
		{2F19FCF1-BBF4-46A5-9B0F-8BCF7EA7BF80}.Debug|Any CPU.ActiveCfg = Debug|Any CPU
		{2F19FCF1-BBF4-46A5-9B0F-8BCF7EA7BF80}.Debug|Any CPU.Build.0 = Debug|Any CPU
		{2F19FCF1-BBF4-46A5-9B0F-8BCF7EA7BF80}.Release|Any CPU.ActiveCfg = Release|Any CPU
		{2F19FCF1-BBF4-46A5-9B0F-8BCF7EA7BF80}.Release|Any CPU.Build.0 = Release|Any CPU
		{1DABD112-B31C-420E-A01F-378D6741BF42}.Debug|Any CPU.ActiveCfg = Debug|Any CPU
		{1DABD112-B31C-420E-A01F-378D6741BF42}.Debug|Any CPU.Build.0 = Debug|Any CPU
		{1DABD112-B31C-420E-A01F-378D6741BF42}.Release|Any CPU.ActiveCfg = Release|Any CPU
		{1DABD112-B31C-420E-A01F-378D6741BF42}.Release|Any CPU.Build.0 = Release|Any CPU
		{54E47B14-9C7E-4EE7-98D4-ED5D8575072A}.Debug|Any CPU.ActiveCfg = Debug|Any CPU
		{54E47B14-9C7E-4EE7-98D4-ED5D8575072A}.Debug|Any CPU.Build.0 = Debug|Any CPU
		{54E47B14-9C7E-4EE7-98D4-ED5D8575072A}.Release|Any CPU.ActiveCfg = Release|Any CPU
		{54E47B14-9C7E-4EE7-98D4-ED5D8575072A}.Release|Any CPU.Build.0 = Release|Any CPU
		{9548F500-D89A-4DD5-93C8-45B66C347A27}.Debug|Any CPU.ActiveCfg = Debug|Any CPU
		{9548F500-D89A-4DD5-93C8-45B66C347A27}.Debug|Any CPU.Build.0 = Debug|Any CPU
		{9548F500-D89A-4DD5-93C8-45B66C347A27}.Release|Any CPU.ActiveCfg = Release|Any CPU
		{9548F500-D89A-4DD5-93C8-45B66C347A27}.Release|Any CPU.Build.0 = Release|Any CPU
		{B3CA8173-D3E4-442C-8F3A-7F43C67262A6}.Debug|Any CPU.ActiveCfg = Debug|Any CPU
		{B3CA8173-D3E4-442C-8F3A-7F43C67262A6}.Debug|Any CPU.Build.0 = Debug|Any CPU
		{B3CA8173-D3E4-442C-8F3A-7F43C67262A6}.Release|Any CPU.ActiveCfg = Release|Any CPU
		{B3CA8173-D3E4-442C-8F3A-7F43C67262A6}.Release|Any CPU.Build.0 = Release|Any CPU
		{42EDEB55-FC68-4998-B0A9-DC7444B7D4F8}.Debug|Any CPU.ActiveCfg = Debug|Any CPU
		{42EDEB55-FC68-4998-B0A9-DC7444B7D4F8}.Debug|Any CPU.Build.0 = Debug|Any CPU
		{42EDEB55-FC68-4998-B0A9-DC7444B7D4F8}.Release|Any CPU.ActiveCfg = Release|Any CPU
		{42EDEB55-FC68-4998-B0A9-DC7444B7D4F8}.Release|Any CPU.Build.0 = Release|Any CPU
		{9E68D810-DAAE-4E99-A71E-9C080E617757}.Debug|Any CPU.ActiveCfg = Debug|Any CPU
		{9E68D810-DAAE-4E99-A71E-9C080E617757}.Debug|Any CPU.Build.0 = Debug|Any CPU
		{9E68D810-DAAE-4E99-A71E-9C080E617757}.Release|Any CPU.ActiveCfg = Release|Any CPU
		{9E68D810-DAAE-4E99-A71E-9C080E617757}.Release|Any CPU.Build.0 = Release|Any CPU
		{91B1D75D-A27E-4AF4-A492-738800FB2FC8}.Debug|Any CPU.ActiveCfg = Debug|Any CPU
		{91B1D75D-A27E-4AF4-A492-738800FB2FC8}.Debug|Any CPU.Build.0 = Debug|Any CPU
		{91B1D75D-A27E-4AF4-A492-738800FB2FC8}.Release|Any CPU.ActiveCfg = Release|Any CPU
		{91B1D75D-A27E-4AF4-A492-738800FB2FC8}.Release|Any CPU.Build.0 = Release|Any CPU
		{9C03D2C9-E9AD-4EC6-83C4-A8E38E89E0DB}.Debug|Any CPU.ActiveCfg = Debug|Any CPU
		{9C03D2C9-E9AD-4EC6-83C4-A8E38E89E0DB}.Debug|Any CPU.Build.0 = Debug|Any CPU
		{9C03D2C9-E9AD-4EC6-83C4-A8E38E89E0DB}.Release|Any CPU.ActiveCfg = Release|Any CPU
		{9C03D2C9-E9AD-4EC6-83C4-A8E38E89E0DB}.Release|Any CPU.Build.0 = Release|Any CPU
		{29BE448E-B53C-49AB-B087-747688863527}.Debug|Any CPU.ActiveCfg = Debug|Any CPU
		{29BE448E-B53C-49AB-B087-747688863527}.Debug|Any CPU.Build.0 = Debug|Any CPU
		{29BE448E-B53C-49AB-B087-747688863527}.Release|Any CPU.ActiveCfg = Release|Any CPU
		{29BE448E-B53C-49AB-B087-747688863527}.Release|Any CPU.Build.0 = Release|Any CPU
		{FE1DC1BC-0D13-4D77-B392-B879C3D504A6}.Debug|Any CPU.ActiveCfg = Debug|Any CPU
		{FE1DC1BC-0D13-4D77-B392-B879C3D504A6}.Debug|Any CPU.Build.0 = Debug|Any CPU
		{FE1DC1BC-0D13-4D77-B392-B879C3D504A6}.Release|Any CPU.ActiveCfg = Release|Any CPU
		{FE1DC1BC-0D13-4D77-B392-B879C3D504A6}.Release|Any CPU.Build.0 = Release|Any CPU
		{2E8AFFC0-ABB9-4054-A369-71EE661B66BA}.Debug|Any CPU.ActiveCfg = Debug|Any CPU
		{2E8AFFC0-ABB9-4054-A369-71EE661B66BA}.Debug|Any CPU.Build.0 = Debug|Any CPU
		{2E8AFFC0-ABB9-4054-A369-71EE661B66BA}.Release|Any CPU.ActiveCfg = Release|Any CPU
		{2E8AFFC0-ABB9-4054-A369-71EE661B66BA}.Release|Any CPU.Build.0 = Release|Any CPU
		{1627DF17-189F-4078-BC08-DD6873152445}.Debug|Any CPU.ActiveCfg = Debug|Any CPU
		{1627DF17-189F-4078-BC08-DD6873152445}.Debug|Any CPU.Build.0 = Debug|Any CPU
		{1627DF17-189F-4078-BC08-DD6873152445}.Release|Any CPU.ActiveCfg = Release|Any CPU
		{1627DF17-189F-4078-BC08-DD6873152445}.Release|Any CPU.Build.0 = Release|Any CPU
	EndGlobalSection
	GlobalSection(SolutionProperties) = preSolution
		HideSolutionNode = FALSE
	EndGlobalSection
	GlobalSection(NestedProjects) = preSolution
		{1231BC13-7DE8-46D7-BBBD-BDAEA66D84F2} = {56158520-3407-45CA-AA30-095DE4A748E5}
		{9CC6618E-12BA-48C7-A818-295670BCFFA4} = {05F58D56-350B-4FBD-817C-4543307A05D3}
		{FCDC5891-328B-4AEA-A74D-ADE1466BF732} = {ED4FDF8A-1B8C-4C1F-859A-75730CFD5CCC}
		{2F19FCF1-BBF4-46A5-9B0F-8BCF7EA7BF80} = {E33BF293-3E34-4CBE-8760-A517D0560683}
		{1DABD112-B31C-420E-A01F-378D6741BF42} = {2EBB98A6-4112-4CFF-8593-C2309C11CC9A}
		{54E47B14-9C7E-4EE7-98D4-ED5D8575072A} = {2EC326A2-2781-4F4C-904F-226C1B231294}
		{9548F500-D89A-4DD5-93C8-45B66C347A27} = {BA43F6FE-6005-444D-A23D-D31116196A4B}
		{B3CA8173-D3E4-442C-8F3A-7F43C67262A6} = {1B7AAB91-178C-475D-86EE-D70E9745C384}
		{42EDEB55-FC68-4998-B0A9-DC7444B7D4F8} = {4A7B5B72-52E0-4159-A3D5-86B094BACE9B}
		{9E68D810-DAAE-4E99-A71E-9C080E617757} = {7F8F1A8C-A20F-4522-B5FE-6DFAD0ECD982}
		{91B1D75D-A27E-4AF4-A492-738800FB2FC8} = {F650171F-AEED-4701-BFC0-57FCB0266C37}
		{9C03D2C9-E9AD-4EC6-83C4-A8E38E89E0DB} = {095A711A-0052-40E5-9192-B1027D10516A}
		{29BE448E-B53C-49AB-B087-747688863527} = {9068E8CD-E308-4135-B981-8B1A661B5A23}
		{FE1DC1BC-0D13-4D77-B392-B879C3D504A6} = {25F5A3D9-7D21-4314-8DF2-A5B93C7BA174}
		{2E8AFFC0-ABB9-4054-A369-71EE661B66BA} = {2CC2E242-C278-41A1-BD1A-61F8919853A9}
		{1627DF17-189F-4078-BC08-DD6873152445} = {9DAC404F-BB90-4CE9-B4A8-DF5F13A7914B}
	EndGlobalSection
	GlobalSection(ExtensibilityGlobals) = postSolution
		SolutionGuid = {8A3B52EC-A69A-4BC8-8986-78B3316B60BD}
	EndGlobalSection
EndGlobal
